
Microsoft Visual Studio Solution File, Format Version 12.00
# Visual Studio Version 16
VisualStudioVersion = 16.0.31702.278
MinimumVisualStudioVersion = 10.0.40219.1
Project("{FAE04EC0-301F-11D3-BF4B-00C04F79EFBC}") = "ConsoleApp3", "ConsoleApp3\ConsoleApp3.csproj", "{8E998156-894C-4F59-A75F-7605968F3709}"
EndProject
Global
	GlobalSection(SolutionConfigurationPlatforms) = preSolution
		Debug|Any CPU = Debug|Any CPU
		Release|Any CPU = Release|Any CPU
	EndGlobalSection
	GlobalSection(ProjectConfigurationPlatforms) = postSolution
		{8E998156-894C-4F59-A75F-7605968F3709}.Debug|Any CPU.ActiveCfg = Debug|Any CPU
		{8E998156-894C-4F59-A75F-7605968F3709}.Debug|Any CPU.Build.0 = Debug|Any CPU
		{8E998156-894C-4F59-A75F-7605968F3709}.Release|Any CPU.ActiveCfg = Release|Any CPU
		{8E998156-894C-4F59-A75F-7605968F3709}.Release|Any CPU.Build.0 = Release|Any CPU
	EndGlobalSection
	GlobalSection(SolutionProperties) = preSolution
		HideSolutionNode = FALSE
	EndGlobalSection
	GlobalSection(ExtensibilityGlobals) = postSolution
		SolutionGuid = {C2BAFF57-D93A-4A15-AE96-7B67140101BC}
	EndGlobalSection
EndGlobal
